
Microsoft Visual Studio Solution File, Format Version 12.00
# Visual Studio Version 17
VisualStudioVersion = 17.0.31903.59
MinimumVisualStudioVersion = 10.0.40219.1
Project("{FAE04EC0-301F-11D3-BF4B-00C04F79EFBC}") = "MinimalAPI", "API\MinimalAPI.csproj", "{113A3616-4D33-41A1-AAC9-6A7F3BC29202}"
EndProject
Project("{FAE04EC0-301F-11D3-BF4B-00C04F79EFBC}") = "Test", "Test\Test.csproj", "{5BC496A4-7E46-46C0-A821-BB6395B39ACB}"
EndProject
Global
	GlobalSection(SolutionConfigurationPlatforms) = preSolution
		Debug|Any CPU = Debug|Any CPU
		Release|Any CPU = Release|Any CPU
	EndGlobalSection
	GlobalSection(SolutionProperties) = preSolution
		HideSolutionNode = FALSE
	EndGlobalSection
	GlobalSection(ProjectConfigurationPlatforms) = postSolution
		{113A3616-4D33-41A1-AAC9-6A7F3BC29202}.Debug|Any CPU.ActiveCfg = Debug|Any CPU
		{113A3616-4D33-41A1-AAC9-6A7F3BC29202}.Debug|Any CPU.Build.0 = Debug|Any CPU
		{113A3616-4D33-41A1-AAC9-6A7F3BC29202}.Release|Any CPU.ActiveCfg = Release|Any CPU
		{113A3616-4D33-41A1-AAC9-6A7F3BC29202}.Release|Any CPU.Build.0 = Release|Any CPU
		{5BC496A4-7E46-46C0-A821-BB6395B39ACB}.Debug|Any CPU.ActiveCfg = Debug|Any CPU
		{5BC496A4-7E46-46C0-A821-BB6395B39ACB}.Debug|Any CPU.Build.0 = Debug|Any CPU
		{5BC496A4-7E46-46C0-A821-BB6395B39ACB}.Release|Any CPU.ActiveCfg = Release|Any CPU
		{5BC496A4-7E46-46C0-A821-BB6395B39ACB}.Release|Any CPU.Build.0 = Release|Any CPU
	EndGlobalSection
EndGlobal
